version = 1
revision = 2
requires-python = ">=3.12"

[[package]]
name = "pygame"
version = "2.5.2"
source = { registry = "https://pypi.org/simple" }
sdist = { url = "https://files.pythonhosted.org/packages/c6/aa/2c0c867d6cff00966cfc2152b25f61599f87e88b239e4dcb8ad5357f0f69/pygame-2.5.2.tar.gz", hash = "sha256:c1b89eb5d539e7ac5cf75513125fb5f2f0a2d918b1fd6e981f23bf0ac1b1c24a", size = 15788328, upload-time = "2023-09-17T22:27:49.577Z" }
wheels = [
    { url = "https://files.pythonhosted.org/packages/48/05/5fc3ee405cee85308f1dd5c0fb7bd0835256969a22b18a55698ffaf498ac/pygame-2.5.2-cp312-cp312-macosx_10_9_x86_64.whl", hash = "sha256:1a2a43802bb5e89ce2b3b775744e78db4f9a201bf8d059b946c61722840ceea8", size = 12952573, upload-time = "2023-09-24T12:15:40.331Z" },
    { url = "https://files.pythonhosted.org/packages/4c/0b/90b489ae7fc363020d6d18d3e4522b6021f4e0e84fbdd28c1d468c8a8e31/pygame-2.5.2-cp312-cp312-macosx_11_0_arm64.whl", hash = "sha256:1c289f2613c44fe70a1e40769de4a49c5ab5a29b9376f1692bb1a15c9c1c9bfa", size = 12252604, upload-time = "2023-09-24T12:15:47.357Z" },
    { url = "https://files.pythonhosted.org/packages/91/e4/8b7ca2466d1d7e5fb0d22a7e83323dea207d6370abaf0610f7e08faf6b9e/pygame-2.5.2-cp312-cp312-manylinux_2_17_aarch64.manylinux2014_aarch64.whl", hash = "sha256:074aa6c6e110c925f7f27f00c7733c6303407edc61d738882985091d1eb2ef17", size = 13584854, upload-time = "2023-09-17T22:24:26.289Z" },
    { url = "https://files.pythonhosted.org/packages/04/80/10b7b08acade34e70a1f4de76413ae206ebbdba0bb4cbb0bae7031d763f9/pygame-2.5.2-cp312-cp312-manylinux_2_17_i686.manylinux2014_i686.whl", hash = "sha256:fe0228501ec616779a0b9c4299e837877783e18df294dd690b9ab0eed3d8aaab", size = 14268897, upload-time = "2023-09-17T22:47:41.767Z" },
    { url = "https://files.pythonhosted.org/packages/c2/c9/a41e2dc929529c36d1d1a6cf989f7d69225584d8e1b1e85c70d4b4bcb230/pygame-2.5.2-cp312-cp312-manylinux_2_17_x86_64.manylinux2014_x86_64.whl", hash = "sha256:31648d38ecdc2335ffc0e38fb18a84b3339730521505dac68514f83a1092e3f4", size = 13942610, upload-time = "2023-09-17T22:47:44.897Z" },
    { url = "https://files.pythonhosted.org/packages/05/28/5ca545423d6bb55f7ba9d09904c963ced15178f072551629a46b5499d105/pygame-2.5.2-cp312-cp312-win32.whl", hash = "sha256:224c308856334bc792f696e9278e50d099a87c116f7fc314cd6aa3ff99d21592", size = 10387283, upload-time = "2023-09-17T22:13:40.114Z" },
    { url = "https://files.pythonhosted.org/packages/66/57/1311ff5bbd64093795f64c66910bbc12b7c5d83ca95766cce7ba501ff7e7/pygame-2.5.2-cp312-cp312-win_amd64.whl", hash = "sha256:dd2d2650faf54f9a0f5bd0db8409f79609319725f8f08af6507a0609deadcad4", size = 10758801, upload-time = "2023-09-17T22:44:28.205Z" },
]

[[package]]
name = "python-sat"
version = "0.1.8.dev17"
source = { registry = "https://pypi.org/simple" }
dependencies = [
    { name = "six" },
]
sdist = { url = "https://files.pythonhosted.org/packages/55/f2/3ac622675f822a3c9c482cb1842d29d2e5069af799473a8e7a03e6d44d76/python-sat-0.1.8.dev17.tar.gz", hash = "sha256:aad7896779b604b2b9bd19c00f73e1d565284284a6a1b977d4ae0f6b255c94a1", size = 4949444, upload-time = "2024-02-20T10:46:16.947Z" }
wheels = [
    { url = "https://files.pythonhosted.org/packages/6b/83/e1f8b3f7bebee22546acd6c953bc8cb84da32203fe33fea428912f6f5cd9/python_sat-0.1.8.dev17-cp312-cp312-macosx_14_0_arm64.whl", hash = "sha256:073a75b54115894651a643e842276da7fbd899d23484504b81f65f5a04fd949a", size = 1260997, upload-time = "2024-02-20T10:45:10.359Z" },
    { url = "https://files.pythonhosted.org/packages/6b/29/a05a1a34ca76a2e2a1c3da0a0e358fa9d3669bd5cd74dbd220c336db80f8/python_sat-0.1.8.dev17-cp312-cp312-macosx_14_0_x86_64.whl", hash = "sha256:0038881ea6881802f55851a1518f5206e4f8680ff3125b0a15bf433f5880ee84", size = 1388073, upload-time = "2024-02-20T10:59:16.073Z" },
    { url = "https://files.pythonhosted.org/packages/06/61/59e8c750c9e2995750070412bc3d01780e7ab08b4a9c4cbeab9fa021f263/python_sat-0.1.8.dev17-cp312-cp312-manylinux_2_17_i686.manylinux2014_i686.whl", hash = "sha256:55fede8440027fb6e5ac998beaae5c610e49877b2176fd6df3a9e818371e43cd", size = 2295047, upload-time = "2024-02-20T21:02:30.978Z" },
    { url = "https://files.pythonhosted.org/packages/30/34/1e53ff4e123a6715c4dc7c5fcff7969a888239ddd3e06f180a6abae87dff/python_sat-0.1.8.dev17-cp312-cp312-manylinux_2_17_x86_64.manylinux2014_x86_64.manylinux_2_28_x86_64.whl", hash = "sha256:1ada1c5959db963d9364a122d4ef588231865569851fb75928757c21f7b05473", size = 2275019, upload-time = "2024-02-20T21:02:42.891Z" },
    { url = "https://files.pythonhosted.org/packages/8f/9f/e3cc81433d2f70417035cb6927a6e5796ee21cc90e9d1a954f5704890102/python_sat-0.1.8.dev17-cp312-cp312-manylinux_2_17_x86_64.manylinux2014_x86_64.whl", hash = "sha256:47655394e8f87392afbed7ab397542bddd012387349a6e3f8c8e27e3440c6d44", size = 2275013, upload-time = "2024-02-20T21:02:50.321Z" },
    { url = "https://files.pythonhosted.org/packages/72/82/bbe5046a467b791469e190481201251394e5473aa47dd17276a9b3616862/python_sat-0.1.8.dev17-cp312-cp312-manylinux_2_24_aarch64.manylinux_2_28_aarch64.whl", hash = "sha256:e389ab82e6c8cd0579293b49b7a6918667d6fcef4ab313acc21e022f30eb5905", size = 2161613, upload-time = "2024-02-20T21:03:00.256Z" },
    { url = "https://files.pythonhosted.org/packages/9f/79/21b8405c6e3fa5e8fcfc78dceda8ff024d6da51bcf81893b1639c145ea0e/python_sat-0.1.8.dev17-cp312-cp312-win_amd64.whl", hash = "sha256:028804c2e7f63246f90a052cb69bbe244209906367547a917ab61a83f28075e9", size = 1040278, upload-time = "2024-02-20T10:45:20.522Z" },
]

[[package]]
name = "six"
version = "1.17.0"
source = { registry = "https://pypi.org/simple" }
sdist = { url = "https://files.pythonhosted.org/packages/94/e7/b2c673351809dca68a0e064b6af791aa332cf192da575fd474ed7d6f16a2/six-1.17.0.tar.gz", hash = "sha256:ff70335d468e7eb6ec65b95b99d3a2836546063f63acc5171de367e834932a81", size = 34031, upload-time = "2024-12-04T17:35:28.174Z" }
wheels = [
    { url = "https://files.pythonhosted.org/packages/b7/ce/149a00dd41f10bc29e5921b496af8b574d8413afcd5e30dfa0ed46c2cc5e/six-1.17.0-py2.py3-none-any.whl", hash = "sha256:4721f391ed90541fddacab5acf947aa0d3dc7d27b2e1e8eda2be8970586c3274", size = 11050, upload-time = "2024-12-04T17:35:26.475Z" },
]

[[package]]
name = "wumpus-ai"
version = "0.1.0"
source = { virtual = "." }
dependencies = [
    { name = "pygame" },
    { name = "python-sat" },
]

[package.metadata]
requires-dist = [
    { name = "pygame", specifier = "==2.5.2" },
    { name = "python-sat", specifier = "==0.1.8.dev17" },
]
